
Microsoft Visual Studio Solution File, Format Version 12.00
# Visual Studio 14
VisualStudioVersion = 14.0.23107.0
MinimumVisualStudioVersion = 10.0.40219.1
Project("{FAE04EC0-301F-11D3-BF4B-00C04F79EFBC}") = "RecipeBook.Web", "RecipeBook.Web\RecipeBook.Web.csproj", "{56D08EC1-98EA-438C-8D93-9448A3D9D2DF}"
EndProject
Project("{FAE04EC0-301F-11D3-BF4B-00C04F79EFBC}") = "RecipeBook.Business", "RecipeBook.Business\RecipeBook.Business.csproj", "{6A387C77-CD82-4D2D-BA71-68479BD5FAD0}"
EndProject
Project("{FAE04EC0-301F-11D3-BF4B-00C04F79EFBC}") = "RecipeBook.Data", "RecipeBook.Data\RecipeBook.Data.csproj", "{A6C5B91C-99F4-4F45-B3C3-007C6D7970AC}"
	ProjectSection(ProjectDependencies) = postProject
		{8FEF3EC8-EEDD-413D-9192-2991572CAE7D} = {8FEF3EC8-EEDD-413D-9192-2991572CAE7D}
	EndProjectSection
EndProject
Project("{FAE04EC0-301F-11D3-BF4B-00C04F79EFBC}") = "RecipeBook.Common", "RecipeBook.Common\RecipeBook.Common.csproj", "{2D863B8E-6A47-4CB5-9CB1-35FC8F13BB4B}"
EndProject
Project("{FAE04EC0-301F-11D3-BF4B-00C04F79EFBC}") = "RecipeBook.Dependencies", "RecipeBook.Dependencies\RecipeBook.Dependencies.csproj", "{CA2911B0-B4C0-4E89-A40B-8AFFAD245D12}"
EndProject
Project("{FAE04EC0-301F-11D3-BF4B-00C04F79EFBC}") = "RecipeBook.Service", "RecipeBook.Service\RecipeBook.Service.csproj", "{8FEF3EC8-EEDD-413D-9192-2991572CAE7D}"
EndProject
Project("{FAE04EC0-301F-11D3-BF4B-00C04F79EFBC}") = "RecipeBook.Service.Data", "RecipeBook.Service.Data\RecipeBook.Service.Data.csproj", "{2A00EBC6-FAD6-4AAA-AE4C-B293B1255511}"
EndProject
Global
	GlobalSection(SolutionConfigurationPlatforms) = preSolution
		Debug|Any CPU = Debug|Any CPU
		Release|Any CPU = Release|Any CPU
	EndGlobalSection
	GlobalSection(ProjectConfigurationPlatforms) = postSolution
		{56D08EC1-98EA-438C-8D93-9448A3D9D2DF}.Debug|Any CPU.ActiveCfg = Debug|Any CPU
		{56D08EC1-98EA-438C-8D93-9448A3D9D2DF}.Debug|Any CPU.Build.0 = Debug|Any CPU
		{56D08EC1-98EA-438C-8D93-9448A3D9D2DF}.Release|Any CPU.ActiveCfg = Release|Any CPU
		{56D08EC1-98EA-438C-8D93-9448A3D9D2DF}.Release|Any CPU.Build.0 = Release|Any CPU
		{6A387C77-CD82-4D2D-BA71-68479BD5FAD0}.Debug|Any CPU.ActiveCfg = Debug|Any CPU
		{6A387C77-CD82-4D2D-BA71-68479BD5FAD0}.Debug|Any CPU.Build.0 = Debug|Any CPU
		{6A387C77-CD82-4D2D-BA71-68479BD5FAD0}.Release|Any CPU.ActiveCfg = Release|Any CPU
		{6A387C77-CD82-4D2D-BA71-68479BD5FAD0}.Release|Any CPU.Build.0 = Release|Any CPU
		{A6C5B91C-99F4-4F45-B3C3-007C6D7970AC}.Debug|Any CPU.ActiveCfg = Debug|Any CPU
		{A6C5B91C-99F4-4F45-B3C3-007C6D7970AC}.Debug|Any CPU.Build.0 = Debug|Any CPU
		{A6C5B91C-99F4-4F45-B3C3-007C6D7970AC}.Release|Any CPU.ActiveCfg = Release|Any CPU
		{A6C5B91C-99F4-4F45-B3C3-007C6D7970AC}.Release|Any CPU.Build.0 = Release|Any CPU
		{2D863B8E-6A47-4CB5-9CB1-35FC8F13BB4B}.Debug|Any CPU.ActiveCfg = Debug|Any CPU
		{2D863B8E-6A47-4CB5-9CB1-35FC8F13BB4B}.Debug|Any CPU.Build.0 = Debug|Any CPU
		{2D863B8E-6A47-4CB5-9CB1-35FC8F13BB4B}.Release|Any CPU.ActiveCfg = Release|Any CPU
		{2D863B8E-6A47-4CB5-9CB1-35FC8F13BB4B}.Release|Any CPU.Build.0 = Release|Any CPU
		{CA2911B0-B4C0-4E89-A40B-8AFFAD245D12}.Debug|Any CPU.ActiveCfg = Debug|Any CPU
		{CA2911B0-B4C0-4E89-A40B-8AFFAD245D12}.Debug|Any CPU.Build.0 = Debug|Any CPU
		{CA2911B0-B4C0-4E89-A40B-8AFFAD245D12}.Release|Any CPU.ActiveCfg = Release|Any CPU
		{CA2911B0-B4C0-4E89-A40B-8AFFAD245D12}.Release|Any CPU.Build.0 = Release|Any CPU
		{8FEF3EC8-EEDD-413D-9192-2991572CAE7D}.Debug|Any CPU.ActiveCfg = Debug|Any CPU
		{8FEF3EC8-EEDD-413D-9192-2991572CAE7D}.Debug|Any CPU.Build.0 = Debug|Any CPU
		{8FEF3EC8-EEDD-413D-9192-2991572CAE7D}.Release|Any CPU.ActiveCfg = Release|Any CPU
		{8FEF3EC8-EEDD-413D-9192-2991572CAE7D}.Release|Any CPU.Build.0 = Release|Any CPU
		{2A00EBC6-FAD6-4AAA-AE4C-B293B1255511}.Debug|Any CPU.ActiveCfg = Debug|Any CPU
		{2A00EBC6-FAD6-4AAA-AE4C-B293B1255511}.Debug|Any CPU.Build.0 = Debug|Any CPU
		{2A00EBC6-FAD6-4AAA-AE4C-B293B1255511}.Release|Any CPU.ActiveCfg = Release|Any CPU
		{2A00EBC6-FAD6-4AAA-AE4C-B293B1255511}.Release|Any CPU.Build.0 = Release|Any CPU
	EndGlobalSection
	GlobalSection(SolutionProperties) = preSolution
		HideSolutionNode = FALSE
	EndGlobalSection
EndGlobal
